
Microsoft Visual Studio Solution File, Format Version 12.00
# Visual Studio Version 16
VisualStudioVersion = 16.0.31112.23
MinimumVisualStudioVersion = 10.0.40219.1
Project("{FAE04EC0-301F-11D3-BF4B-00C04F79EFBC}") = "DBoard", "DBoard.csproj", "{DA39DE4B-3481-4D80-B4B3-107CEBB6474B}"
EndProject
Global
	GlobalSection(SolutionConfigurationPlatforms) = preSolution
		Debug|Any CPU = Debug|Any CPU
		Release|Any CPU = Release|Any CPU
	EndGlobalSection
	GlobalSection(ProjectConfigurationPlatforms) = postSolution
		{DA39DE4B-3481-4D80-B4B3-107CEBB6474B}.Debug|Any CPU.ActiveCfg = Debug|Any CPU
		{DA39DE4B-3481-4D80-B4B3-107CEBB6474B}.Debug|Any CPU.Build.0 = Debug|Any CPU
		{DA39DE4B-3481-4D80-B4B3-107CEBB6474B}.Release|Any CPU.ActiveCfg = Release|Any CPU
		{DA39DE4B-3481-4D80-B4B3-107CEBB6474B}.Release|Any CPU.Build.0 = Release|Any CPU
	EndGlobalSection
	GlobalSection(SolutionProperties) = preSolution
		HideSolutionNode = FALSE
	EndGlobalSection
	GlobalSection(ExtensibilityGlobals) = postSolution
		SolutionGuid = {0FD9AC57-1BD8-479C-B0DF-0B775DCC2C5A}
	EndGlobalSection
EndGlobal
